# This file is automatically @generated by Cargo.
# It is not intended for manual editing.
version = 4

[[package]]
name = "arcadium-cli"
version = "0.1.0"
dependencies = [
 "arcadium-core",
]

[[package]]
name = "arcadium-core"
version = "0.1.0"
dependencies = [
 "arcadium-sdk",
]

[[package]]
name = "arcadium-sdk"
version = "0.1.0"
